// !$*UTF8*$!
{
	archiveVersion = 1;
	classes = {
	};
	objectVersion = 56;
	objects = {

/* Begin PBXBuildFile section */
		BA93CDB22D3E9C9300B13D62 /* BudgetApp.swift in Sources */ = {isa = PBXBuildFile; fileRef = BA93CDB12D3E9C9300B13D62 /* BudgetApp.swift */; };
		BA93CDB62D3E9C9300B13D62 /* Assets.xcassets in Resources */ = {isa = PBXBuildFile; fileRef = BA93CDB52D3E9C9300B13D62 /* Assets.xcassets */; };
		BA93CDB92D3E9C9300B13D62 /* Preview Assets.xcassets in Resources */ = {isa = PBXBuildFile; fileRef = BA93CDB82D3E9C9300B13D62 /* Preview Assets.xcassets */; };
		BA93CDC12D3E9CA300B13D62 /* CoreDataProvider.swift in Sources */ = {isa = PBXBuildFile; fileRef = BA93CDC02D3E9CA300B13D62 /* CoreDataProvider.swift */; };
		BA93CDC42D3E9E1D00B13D62 /* BudgetAppModel.xcdatamodeld in Sources */ = {isa = PBXBuildFile; fileRef = BA93CDC22D3E9E1D00B13D62 /* BudgetAppModel.xcdatamodeld */; };
		BA93CDC72D3E9F9800B13D62 /* BudgetListScreen.swift in Sources */ = {isa = PBXBuildFile; fileRef = BA93CDC62D3E9F9800B13D62 /* BudgetListScreen.swift */; };
		BA93CDC92D3EA05900B13D62 /* AddBudgetScreen.swift in Sources */ = {isa = PBXBuildFile; fileRef = BA93CDC82D3EA05900B13D62 /* AddBudgetScreen.swift */; };
		BA93CDCC2D3EA18600B13D62 /* Strings+Extensions.swift in Sources */ = {isa = PBXBuildFile; fileRef = BA93CDCB2D3EA18600B13D62 /* Strings+Extensions.swift */; };
		BA93CDCE2D3FF47D00B13D62 /* Budget+Extensions.swift in Sources */ = {isa = PBXBuildFile; fileRef = BA93CDCD2D3FF47D00B13D62 /* Budget+Extensions.swift */; };
		BA93CDD12D4020D600B13D62 /* BudgetCellView.swift in Sources */ = {isa = PBXBuildFile; fileRef = BA93CDD02D4020D600B13D62 /* BudgetCellView.swift */; };
		BA93CDD32D4024A800B13D62 /* BudgetDetailScreen.swift in Sources */ = {isa = PBXBuildFile; fileRef = BA93CDD22D4024A800B13D62 /* BudgetDetailScreen.swift */; };
		BA93CDD52D40471600B13D62 /* Locale+Extensions.swift in Sources */ = {isa = PBXBuildFile; fileRef = BA93CDD42D40471600B13D62 /* Locale+Extensions.swift */; };
		BA93CDD72D4049F000B13D62 /* ExpenseCellView.swift in Sources */ = {isa = PBXBuildFile; fileRef = BA93CDD62D4049F000B13D62 /* ExpenseCellView.swift */; };
		BA93CDDB2D404DD900B13D62 /* TagsSeeder.swift in Sources */ = {isa = PBXBuildFile; fileRef = BA93CDDA2D404DD900B13D62 /* TagsSeeder.swift */; };
		BA93CDDD2D40508D00B13D62 /* TagsView.swift in Sources */ = {isa = PBXBuildFile; fileRef = BA93CDDC2D40508D00B13D62 /* TagsView.swift */; };
		BA93CDDF2D43F54500B13D62 /* FilterScreen.swift in Sources */ = {isa = PBXBuildFile; fileRef = BA93CDDE2D43F54500B13D62 /* FilterScreen.swift */; };
/* End PBXBuildFile section */

/* Begin PBXFileReference section */
		BA93CDAE2D3E9C9300B13D62 /* Budget.app */ = {isa = PBXFileReference; explicitFileType = wrapper.application; includeInIndex = 0; path = Budget.app; sourceTree = BUILT_PRODUCTS_DIR; };
		BA93CDB12D3E9C9300B13D62 /* BudgetApp.swift */ = {isa = PBXFileReference; lastKnownFileType = sourcecode.swift; path = BudgetApp.swift; sourceTree = "<group>"; };
		BA93CDB52D3E9C9300B13D62 /* Assets.xcassets */ = {isa = PBXFileReference; lastKnownFileType = folder.assetcatalog; path = Assets.xcassets; sourceTree = "<group>"; };
		BA93CDB82D3E9C9300B13D62 /* Preview Assets.xcassets */ = {isa = PBXFileReference; lastKnownFileType = folder.assetcatalog; path = "Preview Assets.xcassets"; sourceTree = "<group>"; };
		BA93CDC02D3E9CA300B13D62 /* CoreDataProvider.swift */ = {isa = PBXFileReference; lastKnownFileType = sourcecode.swift; path = CoreDataProvider.swift; sourceTree = "<group>"; };
		BA93CDC32D3E9E1D00B13D62 /* BudgetAppModel.xcdatamodel */ = {isa = PBXFileReference; lastKnownFileType = wrapper.xcdatamodel; path = BudgetAppModel.xcdatamodel; sourceTree = "<group>"; };
		BA93CDC62D3E9F9800B13D62 /* BudgetListScreen.swift */ = {isa = PBXFileReference; lastKnownFileType = sourcecode.swift; path = BudgetListScreen.swift; sourceTree = "<group>"; };
		BA93CDC82D3EA05900B13D62 /* AddBudgetScreen.swift */ = {isa = PBXFileReference; lastKnownFileType = sourcecode.swift; path = AddBudgetScreen.swift; sourceTree = "<group>"; };
		BA93CDCB2D3EA18600B13D62 /* Strings+Extensions.swift */ = {isa = PBXFileReference; lastKnownFileType = sourcecode.swift; path = "Strings+Extensions.swift"; sourceTree = "<group>"; };
		BA93CDCD2D3FF47D00B13D62 /* Budget+Extensions.swift */ = {isa = PBXFileReference; lastKnownFileType = sourcecode.swift; path = "Budget+Extensions.swift"; sourceTree = "<group>"; };
		BA93CDD02D4020D600B13D62 /* BudgetCellView.swift */ = {isa = PBXFileReference; lastKnownFileType = sourcecode.swift; path = BudgetCellView.swift; sourceTree = "<group>"; };
		BA93CDD22D4024A800B13D62 /* BudgetDetailScreen.swift */ = {isa = PBXFileReference; lastKnownFileType = sourcecode.swift; path = BudgetDetailScreen.swift; sourceTree = "<group>"; };
		BA93CDD42D40471600B13D62 /* Locale+Extensions.swift */ = {isa = PBXFileReference; lastKnownFileType = sourcecode.swift; path = "Locale+Extensions.swift"; sourceTree = "<group>"; };
		BA93CDD62D4049F000B13D62 /* ExpenseCellView.swift */ = {isa = PBXFileReference; lastKnownFileType = sourcecode.swift; path = ExpenseCellView.swift; sourceTree = "<group>"; };
		BA93CDDA2D404DD900B13D62 /* TagsSeeder.swift */ = {isa = PBXFileReference; lastKnownFileType = sourcecode.swift; path = TagsSeeder.swift; sourceTree = "<group>"; };
		BA93CDDC2D40508D00B13D62 /* TagsView.swift */ = {isa = PBXFileReference; lastKnownFileType = sourcecode.swift; path = TagsView.swift; sourceTree = "<group>"; };
		BA93CDDE2D43F54500B13D62 /* FilterScreen.swift */ = {isa = PBXFileReference; lastKnownFileType = sourcecode.swift; path = FilterScreen.swift; sourceTree = "<group>"; };
/* End PBXFileReference section */

/* Begin PBXFrameworksBuildPhase section */
		BA93CDAB2D3E9C9300B13D62 /* Frameworks */ = {
			isa = PBXFrameworksBuildPhase;
			buildActionMask = 2147483647;
			files = (
			);
			runOnlyForDeploymentPostprocessing = 0;
		};
/* End PBXFrameworksBuildPhase section */

/* Begin PBXGroup section */
		BA93CDA52D3E9C9300B13D62 = {
			isa = PBXGroup;
			children = (
				BA93CDB02D3E9C9300B13D62 /* Budget */,
				BA93CDAF2D3E9C9300B13D62 /* Products */,
			);
			sourceTree = "<group>";
		};
		BA93CDAF2D3E9C9300B13D62 /* Products */ = {
			isa = PBXGroup;
			children = (
				BA93CDAE2D3E9C9300B13D62 /* Budget.app */,
			);
			name = Products;
			sourceTree = "<group>";
		};
		BA93CDB02D3E9C9300B13D62 /* Budget */ = {
			isa = PBXGroup;
			children = (
				BA93CDD92D404DCE00B13D62 /* Seeders */,
				BA93CDCF2D4020C500B13D62 /* Views */,
				BA93CDCA2D3EA17400B13D62 /* Extensions */,
				BA93CDC52D3E9F7500B13D62 /* Screens */,
				BA93CDBF2D3E9C9900B13D62 /* Providers */,
				BA93CDB12D3E9C9300B13D62 /* BudgetApp.swift */,
				BA93CDB52D3E9C9300B13D62 /* Assets.xcassets */,
				BA93CDB72D3E9C9300B13D62 /* Preview Content */,
				BA93CDC22D3E9E1D00B13D62 /* BudgetAppModel.xcdatamodeld */,
			);
			path = Budget;
			sourceTree = "<group>";
		};
		BA93CDB72D3E9C9300B13D62 /* Preview Content */ = {
			isa = PBXGroup;
			children = (
				BA93CDB82D3E9C9300B13D62 /* Preview Assets.xcassets */,
			);
			path = "Preview Content";
			sourceTree = "<group>";
		};
		BA93CDBF2D3E9C9900B13D62 /* Providers */ = {
			isa = PBXGroup;
			children = (
				BA93CDC02D3E9CA300B13D62 /* CoreDataProvider.swift */,
			);
			path = Providers;
			sourceTree = "<group>";
		};
		BA93CDC52D3E9F7500B13D62 /* Screens */ = {
			isa = PBXGroup;
			children = (
				BA93CDC62D3E9F9800B13D62 /* BudgetListScreen.swift */,
				BA93CDC82D3EA05900B13D62 /* AddBudgetScreen.swift */,
				BA93CDD22D4024A800B13D62 /* BudgetDetailScreen.swift */,
				BA93CDDE2D43F54500B13D62 /* FilterScreen.swift */,
			);
			path = Screens;
			sourceTree = "<group>";
		};
		BA93CDCA2D3EA17400B13D62 /* Extensions */ = {
			isa = PBXGroup;
			children = (
				BA93CDCB2D3EA18600B13D62 /* Strings+Extensions.swift */,
				BA93CDCD2D3FF47D00B13D62 /* Budget+Extensions.swift */,
				BA93CDD42D40471600B13D62 /* Locale+Extensions.swift */,
			);
			path = Extensions;
			sourceTree = "<group>";
		};
		BA93CDCF2D4020C500B13D62 /* Views */ = {
			isa = PBXGroup;
			children = (
				BA93CDD02D4020D600B13D62 /* BudgetCellView.swift */,
				BA93CDD62D4049F000B13D62 /* ExpenseCellView.swift */,
				BA93CDDC2D40508D00B13D62 /* TagsView.swift */,
			);
			path = Views;
			sourceTree = "<group>";
		};
		BA93CDD92D404DCE00B13D62 /* Seeders */ = {
			isa = PBXGroup;
			children = (
				BA93CDDA2D404DD900B13D62 /* TagsSeeder.swift */,
			);
			path = Seeders;
			sourceTree = "<group>";
		};
/* End PBXGroup section */

/* Begin PBXNativeTarget section */
		BA93CDAD2D3E9C9300B13D62 /* Budget */ = {
			isa = PBXNativeTarget;
			buildConfigurationList = BA93CDBC2D3E9C9300B13D62 /* Build configuration list for PBXNativeTarget "Budget" */;
			buildPhases = (
				BA93CDAA2D3E9C9300B13D62 /* Sources */,
				BA93CDAB2D3E9C9300B13D62 /* Frameworks */,
				BA93CDAC2D3E9C9300B13D62 /* Resources */,
			);
			buildRules = (
			);
			dependencies = (
			);
			name = Budget;
			productName = Budget;
			productReference = BA93CDAE2D3E9C9300B13D62 /* Budget.app */;
			productType = "com.apple.product-type.application";
		};
/* End PBXNativeTarget section */

/* Begin PBXProject section */
		BA93CDA62D3E9C9300B13D62 /* Project object */ = {
			isa = PBXProject;
			attributes = {
				BuildIndependentTargetsInParallel = 1;
				LastSwiftUpdateCheck = 1540;
				LastUpgradeCheck = 1540;
				TargetAttributes = {
					BA93CDAD2D3E9C9300B13D62 = {
						CreatedOnToolsVersion = 15.4;
					};
				};
			};
			buildConfigurationList = BA93CDA92D3E9C9300B13D62 /* Build configuration list for PBXProject "Budget" */;
			compatibilityVersion = "Xcode 14.0";
			developmentRegion = en;
			hasScannedForEncodings = 0;
			knownRegions = (
				en,
				Base,
			);
			mainGroup = BA93CDA52D3E9C9300B13D62;
			productRefGroup = BA93CDAF2D3E9C9300B13D62 /* Products */;
			projectDirPath = "";
			projectRoot = "";
			targets = (
				BA93CDAD2D3E9C9300B13D62 /* Budget */,
			);
		};
/* End PBXProject section */

/* Begin PBXResourcesBuildPhase section */
		BA93CDAC2D3E9C9300B13D62 /* Resources */ = {
			isa = PBXResourcesBuildPhase;
			buildActionMask = 2147483647;
			files = (
				BA93CDB92D3E9C9300B13D62 /* Preview Assets.xcassets in Resources */,
				BA93CDB62D3E9C9300B13D62 /* Assets.xcassets in Resources */,
			);
			runOnlyForDeploymentPostprocessing = 0;
		};
/* End PBXResourcesBuildPhase section */

/* Begin PBXSourcesBuildPhase section */
		BA93CDAA2D3E9C9300B13D62 /* Sources */ = {
			isa = PBXSourcesBuildPhase;
			buildActionMask = 2147483647;
			files = (
				BA93CDC92D3EA05900B13D62 /* AddBudgetScreen.swift in Sources */,
				BA93CDD72D4049F000B13D62 /* ExpenseCellView.swift in Sources */,
				BA93CDC72D3E9F9800B13D62 /* BudgetListScreen.swift in Sources */,
				BA93CDCE2D3FF47D00B13D62 /* Budget+Extensions.swift in Sources */,
				BA93CDC42D3E9E1D00B13D62 /* BudgetAppModel.xcdatamodeld in Sources */,
				BA93CDDD2D40508D00B13D62 /* TagsView.swift in Sources */,
				BA93CDB22D3E9C9300B13D62 /* BudgetApp.swift in Sources */,
				BA93CDDB2D404DD900B13D62 /* TagsSeeder.swift in Sources */,
				BA93CDD32D4024A800B13D62 /* BudgetDetailScreen.swift in Sources */,
				BA93CDDF2D43F54500B13D62 /* FilterScreen.swift in Sources */,
				BA93CDD12D4020D600B13D62 /* BudgetCellView.swift in Sources */,
				BA93CDCC2D3EA18600B13D62 /* Strings+Extensions.swift in Sources */,
				BA93CDC12D3E9CA300B13D62 /* CoreDataProvider.swift in Sources */,
				BA93CDD52D40471600B13D62 /* Locale+Extensions.swift in Sources */,
			);
			runOnlyForDeploymentPostprocessing = 0;
		};
/* End PBXSourcesBuildPhase section */

/* Begin XCBuildConfiguration section */
		BA93CDBA2D3E9C9300B13D62 /* Debug */ = {
			isa = XCBuildConfiguration;
			buildSettings = {
				ALWAYS_SEARCH_USER_PATHS = NO;
				ASSETCATALOG_COMPILER_GENERATE_SWIFT_ASSET_SYMBOL_EXTENSIONS = YES;
				CLANG_ANALYZER_NONNULL = YES;
				CLANG_ANALYZER_NUMBER_OBJECT_CONVERSION = YES_AGGRESSIVE;
				CLANG_CXX_LANGUAGE_STANDARD = "gnu++20";
				CLANG_ENABLE_MODULES = YES;
				CLANG_ENABLE_OBJC_ARC = YES;
				CLANG_ENABLE_OBJC_WEAK = YES;
				CLANG_WARN_BLOCK_CAPTURE_AUTORELEASING = YES;
				CLANG_WARN_BOOL_CONVERSION = YES;
				CLANG_WARN_COMMA = YES;
				CLANG_WARN_CONSTANT_CONVERSION = YES;
				CLANG_WARN_DEPRECATED_OBJC_IMPLEMENTATIONS = YES;
				CLANG_WARN_DIRECT_OBJC_ISA_USAGE = YES_ERROR;
				CLANG_WARN_DOCUMENTATION_COMMENTS = YES;
				CLANG_WARN_EMPTY_BODY = YES;
				CLANG_WARN_ENUM_CONVERSION = YES;
				CLANG_WARN_INFINITE_RECURSION = YES;
				CLANG_WARN_INT_CONVERSION = YES;
				CLANG_WARN_NON_LITERAL_NULL_CONVERSION = YES;
				CLANG_WARN_OBJC_IMPLICIT_RETAIN_SELF = YES;
				CLANG_WARN_OBJC_LITERAL_CONVERSION = YES;
				CLANG_WARN_OBJC_ROOT_CLASS = YES_ERROR;
				CLANG_WARN_QUOTED_INCLUDE_IN_FRAMEWORK_HEADER = YES;
				CLANG_WARN_RANGE_LOOP_ANALYSIS = YES;
				CLANG_WARN_STRICT_PROTOTYPES = YES;
				CLANG_WARN_SUSPICIOUS_MOVE = YES;
				CLANG_WARN_UNGUARDED_AVAILABILITY = YES_AGGRESSIVE;
				CLANG_WARN_UNREACHABLE_CODE = YES;
				CLANG_WARN__DUPLICATE_METHOD_MATCH = YES;
				COPY_PHASE_STRIP = NO;
				DEBUG_INFORMATION_FORMAT = dwarf;
				ENABLE_STRICT_OBJC_MSGSEND = YES;
				ENABLE_TESTABILITY = YES;
				ENABLE_USER_SCRIPT_SANDBOXING = YES;
				GCC_C_LANGUAGE_STANDARD = gnu17;
				GCC_DYNAMIC_NO_PIC = NO;
				GCC_NO_COMMON_BLOCKS = YES;
				GCC_OPTIMIZATION_LEVEL = 0;
				GCC_PREPROCESSOR_DEFINITIONS = (
					"DEBUG=1",
					"$(inherited)",
				);
				GCC_WARN_64_TO_32_BIT_CONVERSION = YES;
				GCC_WARN_ABOUT_RETURN_TYPE = YES_ERROR;
				GCC_WARN_UNDECLARED_SELECTOR = YES;
				GCC_WARN_UNINITIALIZED_AUTOS = YES_AGGRESSIVE;
				GCC_WARN_UNUSED_FUNCTION = YES;
				GCC_WARN_UNUSED_VARIABLE = YES;
				IPHONEOS_DEPLOYMENT_TARGET = 17.5;
				LOCALIZATION_PREFERS_STRING_CATALOGS = YES;
				MTL_ENABLE_DEBUG_INFO = INCLUDE_SOURCE;
				MTL_FAST_MATH = YES;
				ONLY_ACTIVE_ARCH = YES;
				SDKROOT = iphoneos;
				SWIFT_ACTIVE_COMPILATION_CONDITIONS = "DEBUG $(inherited)";
				SWIFT_OPTIMIZATION_LEVEL = "-Onone";
			};
			name = Debug;
		};
		BA93CDBB2D3E9C9300B13D62 /* Release */ = {
			isa = XCBuildConfiguration;
			buildSettings = {
				ALWAYS_SEARCH_USER_PATHS = NO;
				ASSETCATALOG_COMPILER_GENERATE_SWIFT_ASSET_SYMBOL_EXTENSIONS = YES;
				CLANG_ANALYZER_NONNULL = YES;
				CLANG_ANALYZER_NUMBER_OBJECT_CONVERSION = YES_AGGRESSIVE;
				CLANG_CXX_LANGUAGE_STANDARD = "gnu++20";
				CLANG_ENABLE_MODULES = YES;
				CLANG_ENABLE_OBJC_ARC = YES;
				CLANG_ENABLE_OBJC_WEAK = YES;
				CLANG_WARN_BLOCK_CAPTURE_AUTORELEASING = YES;
				CLANG_WARN_BOOL_CONVERSION = YES;
				CLANG_WARN_COMMA = YES;
				CLANG_WARN_CONSTANT_CONVERSION = YES;
				CLANG_WARN_DEPRECATED_OBJC_IMPLEMENTATIONS = YES;
				CLANG_WARN_DIRECT_OBJC_ISA_USAGE = YES_ERROR;
				CLANG_WARN_DOCUMENTATION_COMMENTS = YES;
				CLANG_WARN_EMPTY_BODY = YES;
				CLANG_WARN_ENUM_CONVERSION = YES;
				CLANG_WARN_INFINITE_RECURSION = YES;
				CLANG_WARN_INT_CONVERSION = YES;
				CLANG_WARN_NON_LITERAL_NULL_CONVERSION = YES;
				CLANG_WARN_OBJC_IMPLICIT_RETAIN_SELF = YES;
				CLANG_WARN_OBJC_LITERAL_CONVERSION = YES;
				CLANG_WARN_OBJC_ROOT_CLASS = YES_ERROR;
				CLANG_WARN_QUOTED_INCLUDE_IN_FRAMEWORK_HEADER = YES;
				CLANG_WARN_RANGE_LOOP_ANALYSIS = YES;
				CLANG_WARN_STRICT_PROTOTYPES = YES;
				CLANG_WARN_SUSPICIOUS_MOVE = YES;
				CLANG_WARN_UNGUARDED_AVAILABILITY = YES_AGGRESSIVE;
				CLANG_WARN_UNREACHABLE_CODE = YES;
				CLANG_WARN__DUPLICATE_METHOD_MATCH = YES;
				COPY_PHASE_STRIP = NO;
				DEBUG_INFORMATION_FORMAT = "dwarf-with-dsym";
				ENABLE_NS_ASSERTIONS = NO;
				ENABLE_STRICT_OBJC_MSGSEND = YES;
				ENABLE_USER_SCRIPT_SANDBOXING = YES;
				GCC_C_LANGUAGE_STANDARD = gnu17;
				GCC_NO_COMMON_BLOCKS = YES;
				GCC_WARN_64_TO_32_BIT_CONVERSION = YES;
				GCC_WARN_ABOUT_RETURN_TYPE = YES_ERROR;
				GCC_WARN_UNDECLARED_SELECTOR = YES;
				GCC_WARN_UNINITIALIZED_AUTOS = YES_AGGRESSIVE;
				GCC_WARN_UNUSED_FUNCTION = YES;
				GCC_WARN_UNUSED_VARIABLE = YES;
				IPHONEOS_DEPLOYMENT_TARGET = 17.5;
				LOCALIZATION_PREFERS_STRING_CATALOGS = YES;
				MTL_ENABLE_DEBUG_INFO = NO;
				MTL_FAST_MATH = YES;
				SDKROOT = iphoneos;
				SWIFT_COMPILATION_MODE = wholemodule;
				VALIDATE_PRODUCT = YES;
			};
			name = Release;
		};
		BA93CDBD2D3E9C9300B13D62 /* Debug */ = {
			isa = XCBuildConfiguration;
			buildSettings = {
				ASSETCATALOG_COMPILER_APPICON_NAME = AppIcon;
				ASSETCATALOG_COMPILER_GLOBAL_ACCENT_COLOR_NAME = AccentColor;
				CODE_SIGN_STYLE = Automatic;
				CURRENT_PROJECT_VERSION = 1;
				DEVELOPMENT_ASSET_PATHS = "\"Budget/Preview Content\"";
				DEVELOPMENT_TEAM = GBG9JBG969;
				ENABLE_PREVIEWS = YES;
				GENERATE_INFOPLIST_FILE = YES;
				INFOPLIST_KEY_UIApplicationSceneManifest_Generation = YES;
				INFOPLIST_KEY_UIApplicationSupportsIndirectInputEvents = YES;
				INFOPLIST_KEY_UILaunchScreen_Generation = YES;
				INFOPLIST_KEY_UISupportedInterfaceOrientations_iPad = "UIInterfaceOrientationPortrait UIInterfaceOrientationPortraitUpsideDown UIInterfaceOrientationLandscapeLeft UIInterfaceOrientationLandscapeRight";
				INFOPLIST_KEY_UISupportedInterfaceOrientations_iPhone = "UIInterfaceOrientationPortrait UIInterfaceOrientationLandscapeLeft UIInterfaceOrientationLandscapeRight";
				LD_RUNPATH_SEARCH_PATHS = (
					"$(inherited)",
					"@executable_path/Frameworks",
				);
				MARKETING_VERSION = 1.0;
				PRODUCT_BUNDLE_IDENTIFIER = com.KevinPerez.Budget;
				PRODUCT_NAME = "$(TARGET_NAME)";
				SWIFT_EMIT_LOC_STRINGS = YES;
				SWIFT_VERSION = 5.0;
				TARGETED_DEVICE_FAMILY = "1,2";
			};
			name = Debug;
		};
		BA93CDBE2D3E9C9300B13D62 /* Release */ = {
			isa = XCBuildConfiguration;
			buildSettings = {
				ASSETCATALOG_COMPILER_APPICON_NAME = AppIcon;
				ASSETCATALOG_COMPILER_GLOBAL_ACCENT_COLOR_NAME = AccentColor;
				CODE_SIGN_STYLE = Automatic;
				CURRENT_PROJECT_VERSION = 1;
				DEVELOPMENT_ASSET_PATHS = "\"Budget/Preview Content\"";
				DEVELOPMENT_TEAM = GBG9JBG969;
				ENABLE_PREVIEWS = YES;
				GENERATE_INFOPLIST_FILE = YES;
				INFOPLIST_KEY_UIApplicationSceneManifest_Generation = YES;
				INFOPLIST_KEY_UIApplicationSupportsIndirectInputEvents = YES;
				INFOPLIST_KEY_UILaunchScreen_Generation = YES;
				INFOPLIST_KEY_UISupportedInterfaceOrientations_iPad = "UIInterfaceOrientationPortrait UIInterfaceOrientationPortraitUpsideDown UIInterfaceOrientationLandscapeLeft UIInterfaceOrientationLandscapeRight";
				INFOPLIST_KEY_UISupportedInterfaceOrientations_iPhone = "UIInterfaceOrientationPortrait UIInterfaceOrientationLandscapeLeft UIInterfaceOrientationLandscapeRight";
				LD_RUNPATH_SEARCH_PATHS = (
					"$(inherited)",
					"@executable_path/Frameworks",
				);
				MARKETING_VERSION = 1.0;
				PRODUCT_BUNDLE_IDENTIFIER = com.KevinPerez.Budget;
				PRODUCT_NAME = "$(TARGET_NAME)";
				SWIFT_EMIT_LOC_STRINGS = YES;
				SWIFT_VERSION = 5.0;
				TARGETED_DEVICE_FAMILY = "1,2";
			};
			name = Release;
		};
/* End XCBuildConfiguration section */

/* Begin XCConfigurationList section */
		BA93CDA92D3E9C9300B13D62 /* Build configuration list for PBXProject "Budget" */ = {
			isa = XCConfigurationList;
			buildConfigurations = (
				BA93CDBA2D3E9C9300B13D62 /* Debug */,
				BA93CDBB2D3E9C9300B13D62 /* Release */,
			);
			defaultConfigurationIsVisible = 0;
			defaultConfigurationName = Release;
		};
		BA93CDBC2D3E9C9300B13D62 /* Build configuration list for PBXNativeTarget "Budget" */ = {
			isa = XCConfigurationList;
			buildConfigurations = (
				BA93CDBD2D3E9C9300B13D62 /* Debug */,
				BA93CDBE2D3E9C9300B13D62 /* Release */,
			);
			defaultConfigurationIsVisible = 0;
			defaultConfigurationName = Release;
		};
/* End XCConfigurationList section */

/* Begin XCVersionGroup section */
		BA93CDC22D3E9E1D00B13D62 /* BudgetAppModel.xcdatamodeld */ = {
			isa = XCVersionGroup;
			children = (
				BA93CDC32D3E9E1D00B13D62 /* BudgetAppModel.xcdatamodel */,
			);
			currentVersion = BA93CDC32D3E9E1D00B13D62 /* BudgetAppModel.xcdatamodel */;
			name = BudgetAppModel.xcdatamodeld;
			path = /Users/kevinperez/Documents/UdemyCourse/Budget/Budget/BudgetAppModel.xcdatamodeld;
			sourceTree = "<group>";
			versionGroupType = wrapper.xcdatamodel;
		};
/* End XCVersionGroup section */
	};
	rootObject = BA93CDA62D3E9C9300B13D62 /* Project object */;
}
